
Microsoft Visual Studio Solution File, Format Version 12.00
# Visual Studio Version 16
VisualStudioVersion = 16.0.28902.138
MinimumVisualStudioVersion = 10.0.40219.1
Project("{9A19103F-16F7-4668-BE54-9A1E7A4F7556}") = "PanoramicData.SheetMagic", "PanoramicData.SheetMagic\PanoramicData.SheetMagic.csproj", "{01F7791B-8709-467C-A8D8-AFBAD4CDD31D}"
EndProject
Project("{9A19103F-16F7-4668-BE54-9A1E7A4F7556}") = "PanoramicData.SheetMagic.Test", "PanoramicData.SheetMagic.Test\PanoramicData.SheetMagic.Test.csproj", "{B8D25E08-98C8-4D73-8AF7-52D6901CA98A}"
EndProject
Project("{2150E333-8FDC-42A3-9474-1A3956D46DE8}") = "Solution Items", "Solution Items", "{1F638D4B-6152-413C-AF9F-C5484C9FD190}"
	ProjectSection(SolutionItems) = preProject
		.editorconfig = .editorconfig
		.gitignore = .gitignore
		LICENSE = LICENSE
		README.md = README.md
		SheetMagic.png = SheetMagic.png
	EndProjectSection
EndProject
Global
	GlobalSection(SolutionConfigurationPlatforms) = preSolution
		Debug|Any CPU = Debug|Any CPU
		Release|Any CPU = Release|Any CPU
	EndGlobalSection
	GlobalSection(ProjectConfigurationPlatforms) = postSolution
		{01F7791B-8709-467C-A8D8-AFBAD4CDD31D}.Debug|Any CPU.ActiveCfg = Debug|Any CPU
		{01F7791B-8709-467C-A8D8-AFBAD4CDD31D}.Debug|Any CPU.Build.0 = Debug|Any CPU
		{01F7791B-8709-467C-A8D8-AFBAD4CDD31D}.Release|Any CPU.ActiveCfg = Release|Any CPU
		{01F7791B-8709-467C-A8D8-AFBAD4CDD31D}.Release|Any CPU.Build.0 = Release|Any CPU
		{B8D25E08-98C8-4D73-8AF7-52D6901CA98A}.Debug|Any CPU.ActiveCfg = Debug|Any CPU
		{B8D25E08-98C8-4D73-8AF7-52D6901CA98A}.Debug|Any CPU.Build.0 = Debug|Any CPU
		{B8D25E08-98C8-4D73-8AF7-52D6901CA98A}.Release|Any CPU.ActiveCfg = Release|Any CPU
		{B8D25E08-98C8-4D73-8AF7-52D6901CA98A}.Release|Any CPU.Build.0 = Release|Any CPU
	EndGlobalSection
	GlobalSection(SolutionProperties) = preSolution
		HideSolutionNode = FALSE
	EndGlobalSection
	GlobalSection(ExtensibilityGlobals) = postSolution
		SolutionGuid = {5FFD69B0-9123-43C9-9EF2-C445E462F575}
	EndGlobalSection
EndGlobal
